
Microsoft Visual Studio Solution File, Format Version 12.00
# Visual Studio 15
VisualStudioVersion = 15.0.26124.0
MinimumVisualStudioVersion = 15.0.26124.0
Project("{FAE04EC0-301F-11D3-BF4B-00C04F79EFBC}") = "Domain", "Domain\Domain.csproj", "{B4913DF3-F30D-4449-AFFD-EB07196A5819}"
EndProject
Project("{FAE04EC0-301F-11D3-BF4B-00C04F79EFBC}") = "Application", "Application\Application.csproj", "{BC950F8B-384E-4070-A7C7-4C28A7829703}"
EndProject
Project("{FAE04EC0-301F-11D3-BF4B-00C04F79EFBC}") = "Persistence", "Persistence\Persistence.csproj", "{54D15142-BB54-41AB-8F60-CF40C540D99E}"
EndProject
Project("{FAE04EC0-301F-11D3-BF4B-00C04F79EFBC}") = "API", "API\API.csproj", "{6B366A69-9560-4FE2-9679-E174149967A8}"
EndProject
Global
	GlobalSection(SolutionConfigurationPlatforms) = preSolution
		Debug|Any CPU = Debug|Any CPU
		Debug|x64 = Debug|x64
		Debug|x86 = Debug|x86
		Release|Any CPU = Release|Any CPU
		Release|x64 = Release|x64
		Release|x86 = Release|x86
	EndGlobalSection
	GlobalSection(SolutionProperties) = preSolution
		HideSolutionNode = FALSE
	EndGlobalSection
	GlobalSection(ProjectConfigurationPlatforms) = postSolution
		{B4913DF3-F30D-4449-AFFD-EB07196A5819}.Debug|Any CPU.ActiveCfg = Debug|Any CPU
		{B4913DF3-F30D-4449-AFFD-EB07196A5819}.Debug|Any CPU.Build.0 = Debug|Any CPU
		{B4913DF3-F30D-4449-AFFD-EB07196A5819}.Debug|x64.ActiveCfg = Debug|Any CPU
		{B4913DF3-F30D-4449-AFFD-EB07196A5819}.Debug|x64.Build.0 = Debug|Any CPU
		{B4913DF3-F30D-4449-AFFD-EB07196A5819}.Debug|x86.ActiveCfg = Debug|Any CPU
		{B4913DF3-F30D-4449-AFFD-EB07196A5819}.Debug|x86.Build.0 = Debug|Any CPU
		{B4913DF3-F30D-4449-AFFD-EB07196A5819}.Release|Any CPU.ActiveCfg = Release|Any CPU
		{B4913DF3-F30D-4449-AFFD-EB07196A5819}.Release|Any CPU.Build.0 = Release|Any CPU
		{B4913DF3-F30D-4449-AFFD-EB07196A5819}.Release|x64.ActiveCfg = Release|Any CPU
		{B4913DF3-F30D-4449-AFFD-EB07196A5819}.Release|x64.Build.0 = Release|Any CPU
		{B4913DF3-F30D-4449-AFFD-EB07196A5819}.Release|x86.ActiveCfg = Release|Any CPU
		{B4913DF3-F30D-4449-AFFD-EB07196A5819}.Release|x86.Build.0 = Release|Any CPU
		{BC950F8B-384E-4070-A7C7-4C28A7829703}.Debug|Any CPU.ActiveCfg = Debug|Any CPU
		{BC950F8B-384E-4070-A7C7-4C28A7829703}.Debug|Any CPU.Build.0 = Debug|Any CPU
		{BC950F8B-384E-4070-A7C7-4C28A7829703}.Debug|x64.ActiveCfg = Debug|Any CPU
		{BC950F8B-384E-4070-A7C7-4C28A7829703}.Debug|x64.Build.0 = Debug|Any CPU
		{BC950F8B-384E-4070-A7C7-4C28A7829703}.Debug|x86.ActiveCfg = Debug|Any CPU
		{BC950F8B-384E-4070-A7C7-4C28A7829703}.Debug|x86.Build.0 = Debug|Any CPU
		{BC950F8B-384E-4070-A7C7-4C28A7829703}.Release|Any CPU.ActiveCfg = Release|Any CPU
		{BC950F8B-384E-4070-A7C7-4C28A7829703}.Release|Any CPU.Build.0 = Release|Any CPU
		{BC950F8B-384E-4070-A7C7-4C28A7829703}.Release|x64.ActiveCfg = Release|Any CPU
		{BC950F8B-384E-4070-A7C7-4C28A7829703}.Release|x64.Build.0 = Release|Any CPU
		{BC950F8B-384E-4070-A7C7-4C28A7829703}.Release|x86.ActiveCfg = Release|Any CPU
		{BC950F8B-384E-4070-A7C7-4C28A7829703}.Release|x86.Build.0 = Release|Any CPU
		{54D15142-BB54-41AB-8F60-CF40C540D99E}.Debug|Any CPU.ActiveCfg = Debug|Any CPU
		{54D15142-BB54-41AB-8F60-CF40C540D99E}.Debug|Any CPU.Build.0 = Debug|Any CPU
		{54D15142-BB54-41AB-8F60-CF40C540D99E}.Debug|x64.ActiveCfg = Debug|Any CPU
		{54D15142-BB54-41AB-8F60-CF40C540D99E}.Debug|x64.Build.0 = Debug|Any CPU
		{54D15142-BB54-41AB-8F60-CF40C540D99E}.Debug|x86.ActiveCfg = Debug|Any CPU
		{54D15142-BB54-41AB-8F60-CF40C540D99E}.Debug|x86.Build.0 = Debug|Any CPU
		{54D15142-BB54-41AB-8F60-CF40C540D99E}.Release|Any CPU.ActiveCfg = Release|Any CPU
		{54D15142-BB54-41AB-8F60-CF40C540D99E}.Release|Any CPU.Build.0 = Release|Any CPU
		{54D15142-BB54-41AB-8F60-CF40C540D99E}.Release|x64.ActiveCfg = Release|Any CPU
		{54D15142-BB54-41AB-8F60-CF40C540D99E}.Release|x64.Build.0 = Release|Any CPU
		{54D15142-BB54-41AB-8F60-CF40C540D99E}.Release|x86.ActiveCfg = Release|Any CPU
		{54D15142-BB54-41AB-8F60-CF40C540D99E}.Release|x86.Build.0 = Release|Any CPU
		{6B366A69-9560-4FE2-9679-E174149967A8}.Debug|Any CPU.ActiveCfg = Debug|Any CPU
		{6B366A69-9560-4FE2-9679-E174149967A8}.Debug|Any CPU.Build.0 = Debug|Any CPU
		{6B366A69-9560-4FE2-9679-E174149967A8}.Debug|x64.ActiveCfg = Debug|Any CPU
		{6B366A69-9560-4FE2-9679-E174149967A8}.Debug|x64.Build.0 = Debug|Any CPU
		{6B366A69-9560-4FE2-9679-E174149967A8}.Debug|x86.ActiveCfg = Debug|Any CPU
		{6B366A69-9560-4FE2-9679-E174149967A8}.Debug|x86.Build.0 = Debug|Any CPU
		{6B366A69-9560-4FE2-9679-E174149967A8}.Release|Any CPU.ActiveCfg = Release|Any CPU
		{6B366A69-9560-4FE2-9679-E174149967A8}.Release|Any CPU.Build.0 = Release|Any CPU
		{6B366A69-9560-4FE2-9679-E174149967A8}.Release|x64.ActiveCfg = Release|Any CPU
		{6B366A69-9560-4FE2-9679-E174149967A8}.Release|x64.Build.0 = Release|Any CPU
		{6B366A69-9560-4FE2-9679-E174149967A8}.Release|x86.ActiveCfg = Release|Any CPU
		{6B366A69-9560-4FE2-9679-E174149967A8}.Release|x86.Build.0 = Release|Any CPU
	EndGlobalSection
EndGlobal
